
Microsoft Visual Studio Solution File, Format Version 12.00
# Visual Studio Version 17
VisualStudioVersion = 17.0.31912.275
MinimumVisualStudioVersion = 10.0.40219.1
Project("{FAE04EC0-301F-11D3-BF4B-00C04F79EFBC}") = "BBAllStar", "BBAllStar.csproj", "{0E4703DA-52FE-420D-BFDC-AC3A932F7EDA}"
EndProject
Global
	GlobalSection(SolutionConfigurationPlatforms) = preSolution
		Debug|Any CPU = Debug|Any CPU
		Release|Any CPU = Release|Any CPU
	EndGlobalSection
	GlobalSection(ProjectConfigurationPlatforms) = postSolution
		{0E4703DA-52FE-420D-BFDC-AC3A932F7EDA}.Debug|Any CPU.ActiveCfg = Debug|Any CPU
		{0E4703DA-52FE-420D-BFDC-AC3A932F7EDA}.Debug|Any CPU.Build.0 = Debug|Any CPU
		{0E4703DA-52FE-420D-BFDC-AC3A932F7EDA}.Release|Any CPU.ActiveCfg = Release|Any CPU
		{0E4703DA-52FE-420D-BFDC-AC3A932F7EDA}.Release|Any CPU.Build.0 = Release|Any CPU
	EndGlobalSection
	GlobalSection(SolutionProperties) = preSolution
		HideSolutionNode = FALSE
	EndGlobalSection
	GlobalSection(ExtensibilityGlobals) = postSolution
		SolutionGuid = {2031CEEF-E9B0-485C-9F31-E678E2AB9133}
	EndGlobalSection
EndGlobal
